
Microsoft Visual Studio Solution File, Format Version 11.00
# Visual Studio 2010
Project("{FAE04EC0-301F-11D3-BF4B-00C04F79EFBC}") = "RemoveTFSGlobals", "RemoveTFSGlobals\RemoveTFSGlobals.csproj", "{A37582F2-B646-4C89-BD19-C27B21689283}"
EndProject
Global
	GlobalSection(SolutionConfigurationPlatforms) = preSolution
		Debug|x86 = Debug|x86
		Release|x86 = Release|x86
	EndGlobalSection
	GlobalSection(ProjectConfigurationPlatforms) = postSolution
		{A37582F2-B646-4C89-BD19-C27B21689283}.Debug|x86.ActiveCfg = Debug|x86
		{A37582F2-B646-4C89-BD19-C27B21689283}.Debug|x86.Build.0 = Debug|x86
		{A37582F2-B646-4C89-BD19-C27B21689283}.Release|x86.ActiveCfg = Release|x86
		{A37582F2-B646-4C89-BD19-C27B21689283}.Release|x86.Build.0 = Release|x86
	EndGlobalSection
	GlobalSection(SolutionProperties) = preSolution
		HideSolutionNode = FALSE
	EndGlobalSection
EndGlobal
